// !$*UTF8*$!
{
	archiveVersion = 1;
	classes = {
	};
	objectVersion = 56;
	objects = {

/* Begin PBXBuildFile section */
		E50ED249293CC14400679B9D /* LunarSunConverter.docc in Sources */ = {isa = PBXBuildFile; fileRef = E50ED248293CC14400679B9D /* LunarSunConverter.docc */; };
		E50ED24F293CC14500679B9D /* LunarSunConverter.framework in Frameworks */ = {isa = PBXBuildFile; fileRef = E50ED244293CC14400679B9D /* LunarSunConverter.framework */; };
		E50ED254293CC14500679B9D /* LunarSunConverterTests.swift in Sources */ = {isa = PBXBuildFile; fileRef = E50ED253293CC14500679B9D /* LunarSunConverterTests.swift */; };
		E50ED255293CC14500679B9D /* LunarSunConverter.h in Headers */ = {isa = PBXBuildFile; fileRef = E50ED247293CC14400679B9D /* LunarSunConverter.h */; settings = {ATTRIBUTES = (Public, ); }; };
		E50ED264293CC16E00679B9D /* SunLunar.m in Sources */ = {isa = PBXBuildFile; fileRef = E50ED262293CC16D00679B9D /* SunLunar.m */; };
		E50ED265293CC16E00679B9D /* SunLunar.h in Headers */ = {isa = PBXBuildFile; fileRef = E50ED263293CC16D00679B9D /* SunLunar.h */; };
/* End PBXBuildFile section */

/* Begin PBXContainerItemProxy section */
		E50ED250293CC14500679B9D /* PBXContainerItemProxy */ = {
			isa = PBXContainerItemProxy;
			containerPortal = E50ED23B293CC14400679B9D /* Project object */;
			proxyType = 1;
			remoteGlobalIDString = E50ED243293CC14400679B9D;
			remoteInfo = LunarSunConverter;
		};
/* End PBXContainerItemProxy section */

/* Begin PBXFileReference section */
		E50ED244293CC14400679B9D /* LunarSunConverter.framework */ = {isa = PBXFileReference; explicitFileType = wrapper.framework; includeInIndex = 0; path = LunarSunConverter.framework; sourceTree = BUILT_PRODUCTS_DIR; };
		E50ED247293CC14400679B9D /* LunarSunConverter.h */ = {isa = PBXFileReference; lastKnownFileType = sourcecode.c.h; path = LunarSunConverter.h; sourceTree = "<group>"; };
		E50ED248293CC14400679B9D /* LunarSunConverter.docc */ = {isa = PBXFileReference; lastKnownFileType = folder.documentationcatalog; path = LunarSunConverter.docc; sourceTree = "<group>"; };
		E50ED24E293CC14500679B9D /* LunarSunConverterTests.xctest */ = {isa = PBXFileReference; explicitFileType = wrapper.cfbundle; includeInIndex = 0; path = LunarSunConverterTests.xctest; sourceTree = BUILT_PRODUCTS_DIR; };
		E50ED253293CC14500679B9D /* LunarSunConverterTests.swift */ = {isa = PBXFileReference; lastKnownFileType = sourcecode.swift; path = LunarSunConverterTests.swift; sourceTree = "<group>"; };
		E50ED262293CC16D00679B9D /* SunLunar.m */ = {isa = PBXFileReference; fileEncoding = 4; lastKnownFileType = sourcecode.c.objc; path = SunLunar.m; sourceTree = "<group>"; };
		E50ED263293CC16D00679B9D /* SunLunar.h */ = {isa = PBXFileReference; fileEncoding = 4; lastKnownFileType = sourcecode.c.h; path = SunLunar.h; sourceTree = "<group>"; };
/* End PBXFileReference section */

/* Begin PBXFrameworksBuildPhase section */
		E50ED241293CC14400679B9D /* Frameworks */ = {
			isa = PBXFrameworksBuildPhase;
			buildActionMask = 2147483647;
			files = (
			);
			runOnlyForDeploymentPostprocessing = 0;
		};
		E50ED24B293CC14500679B9D /* Frameworks */ = {
			isa = PBXFrameworksBuildPhase;
			buildActionMask = 2147483647;
			files = (
				E50ED24F293CC14500679B9D /* LunarSunConverter.framework in Frameworks */,
			);
			runOnlyForDeploymentPostprocessing = 0;
		};
/* End PBXFrameworksBuildPhase section */

/* Begin PBXGroup section */
		E50ED23A293CC14400679B9D = {
			isa = PBXGroup;
			children = (
				E50ED246293CC14400679B9D /* LunarSunConverter */,
				E50ED252293CC14500679B9D /* LunarSunConverterTests */,
				E50ED245293CC14400679B9D /* Products */,
			);
			sourceTree = "<group>";
		};
		E50ED245293CC14400679B9D /* Products */ = {
			isa = PBXGroup;
			children = (
				E50ED244293CC14400679B9D /* LunarSunConverter.framework */,
				E50ED24E293CC14500679B9D /* LunarSunConverterTests.xctest */,
			);
			name = Products;
			sourceTree = "<group>";
		};
		E50ED246293CC14400679B9D /* LunarSunConverter */ = {
			isa = PBXGroup;
			children = (
				E50ED247293CC14400679B9D /* LunarSunConverter.h */,
				E50ED263293CC16D00679B9D /* SunLunar.h */,
				E50ED262293CC16D00679B9D /* SunLunar.m */,
				E50ED248293CC14400679B9D /* LunarSunConverter.docc */,
			);
			path = LunarSunConverter;
			sourceTree = "<group>";
		};
		E50ED252293CC14500679B9D /* LunarSunConverterTests */ = {
			isa = PBXGroup;
			children = (
				E50ED253293CC14500679B9D /* LunarSunConverterTests.swift */,
			);
			path = LunarSunConverterTests;
			sourceTree = "<group>";
		};
/* End PBXGroup section */

/* Begin PBXHeadersBuildPhase section */
		E50ED23F293CC14400679B9D /* Headers */ = {
			isa = PBXHeadersBuildPhase;
			buildActionMask = 2147483647;
			files = (
				E50ED265293CC16E00679B9D /* SunLunar.h in Headers */,
				E50ED255293CC14500679B9D /* LunarSunConverter.h in Headers */,
			);
			runOnlyForDeploymentPostprocessing = 0;
		};
/* End PBXHeadersBuildPhase section */

/* Begin PBXNativeTarget section */
		E50ED243293CC14400679B9D /* LunarSunConverter */ = {
			isa = PBXNativeTarget;
			buildConfigurationList = E50ED258293CC14500679B9D /* Build configuration list for PBXNativeTarget "LunarSunConverter" */;
			buildPhases = (
				E50ED23F293CC14400679B9D /* Headers */,
				E50ED240293CC14400679B9D /* Sources */,
				E50ED241293CC14400679B9D /* Frameworks */,
				E50ED242293CC14400679B9D /* Resources */,
			);
			buildRules = (
			);
			dependencies = (
			);
			name = LunarSunConverter;
			productName = LunarSunConverter;
			productReference = E50ED244293CC14400679B9D /* LunarSunConverter.framework */;
			productType = "com.apple.product-type.framework";
		};
		E50ED24D293CC14500679B9D /* LunarSunConverterTests */ = {
			isa = PBXNativeTarget;
			buildConfigurationList = E50ED25B293CC14500679B9D /* Build configuration list for PBXNativeTarget "LunarSunConverterTests" */;
			buildPhases = (
				E50ED24A293CC14500679B9D /* Sources */,
				E50ED24B293CC14500679B9D /* Frameworks */,
				E50ED24C293CC14500679B9D /* Resources */,
			);
			buildRules = (
			);
			dependencies = (
				E50ED251293CC14500679B9D /* PBXTargetDependency */,
			);
			name = LunarSunConverterTests;
			productName = LunarSunConverterTests;
			productReference = E50ED24E293CC14500679B9D /* LunarSunConverterTests.xctest */;
			productType = "com.apple.product-type.bundle.unit-test";
		};
/* End PBXNativeTarget section */

/* Begin PBXProject section */
		E50ED23B293CC14400679B9D /* Project object */ = {
			isa = PBXProject;
			attributes = {
				BuildIndependentTargetsInParallel = 1;
				LastSwiftUpdateCheck = 1410;
				LastUpgradeCheck = 1410;
				TargetAttributes = {
					E50ED243293CC14400679B9D = {
						CreatedOnToolsVersion = 14.1;
					};
					E50ED24D293CC14500679B9D = {
						CreatedOnToolsVersion = 14.1;
					};
				};
			};
			buildConfigurationList = E50ED23E293CC14400679B9D /* Build configuration list for PBXProject "LunarSunConverter" */;
			compatibilityVersion = "Xcode 14.0";
			developmentRegion = en;
			hasScannedForEncodings = 0;
			knownRegions = (
				en,
				Base,
			);
			mainGroup = E50ED23A293CC14400679B9D;
			productRefGroup = E50ED245293CC14400679B9D /* Products */;
			projectDirPath = "";
			projectRoot = "";
			targets = (
				E50ED243293CC14400679B9D /* LunarSunConverter */,
				E50ED24D293CC14500679B9D /* LunarSunConverterTests */,
			);
		};
/* End PBXProject section */

/* Begin PBXResourcesBuildPhase section */
		E50ED242293CC14400679B9D /* Resources */ = {
			isa = PBXResourcesBuildPhase;
			buildActionMask = 2147483647;
			files = (
			);
			runOnlyForDeploymentPostprocessing = 0;
		};
		E50ED24C293CC14500679B9D /* Resources */ = {
			isa = PBXResourcesBuildPhase;
			buildActionMask = 2147483647;
			files = (
			);
			runOnlyForDeploymentPostprocessing = 0;
		};
/* End PBXResourcesBuildPhase section */

/* Begin PBXSourcesBuildPhase section */
		E50ED240293CC14400679B9D /* Sources */ = {
			isa = PBXSourcesBuildPhase;
			buildActionMask = 2147483647;
			files = (
				E50ED249293CC14400679B9D /* LunarSunConverter.docc in Sources */,
				E50ED264293CC16E00679B9D /* SunLunar.m in Sources */,
			);
			runOnlyForDeploymentPostprocessing = 0;
		};
		E50ED24A293CC14500679B9D /* Sources */ = {
			isa = PBXSourcesBuildPhase;
			buildActionMask = 2147483647;
			files = (
				E50ED254293CC14500679B9D /* LunarSunConverterTests.swift in Sources */,
			);
			runOnlyForDeploymentPostprocessing = 0;
		};
/* End PBXSourcesBuildPhase section */

/* Begin PBXTargetDependency section */
		E50ED251293CC14500679B9D /* PBXTargetDependency */ = {
			isa = PBXTargetDependency;
			target = E50ED243293CC14400679B9D /* LunarSunConverter */;
			targetProxy = E50ED250293CC14500679B9D /* PBXContainerItemProxy */;
		};
/* End PBXTargetDependency section */

/* Begin XCBuildConfiguration section */
		E50ED256293CC14500679B9D /* Debug */ = {
			isa = XCBuildConfiguration;
			buildSettings = {
				ALWAYS_SEARCH_USER_PATHS = NO;
				CLANG_ANALYZER_NONNULL = YES;
				CLANG_ANALYZER_NUMBER_OBJECT_CONVERSION = YES_AGGRESSIVE;
				CLANG_CXX_LANGUAGE_STANDARD = "gnu++20";
				CLANG_ENABLE_MODULES = YES;
				CLANG_ENABLE_OBJC_ARC = YES;
				CLANG_ENABLE_OBJC_WEAK = YES;
				CLANG_WARN_BLOCK_CAPTURE_AUTORELEASING = YES;
				CLANG_WARN_BOOL_CONVERSION = YES;
				CLANG_WARN_COMMA = YES;
				CLANG_WARN_CONSTANT_CONVERSION = YES;
				CLANG_WARN_DEPRECATED_OBJC_IMPLEMENTATIONS = YES;
				CLANG_WARN_DIRECT_OBJC_ISA_USAGE = YES_ERROR;
				CLANG_WARN_DOCUMENTATION_COMMENTS = YES;
				CLANG_WARN_EMPTY_BODY = YES;
				CLANG_WARN_ENUM_CONVERSION = YES;
				CLANG_WARN_INFINITE_RECURSION = YES;
				CLANG_WARN_INT_CONVERSION = YES;
				CLANG_WARN_NON_LITERAL_NULL_CONVERSION = YES;
				CLANG_WARN_OBJC_IMPLICIT_RETAIN_SELF = YES;
				CLANG_WARN_OBJC_LITERAL_CONVERSION = YES;
				CLANG_WARN_OBJC_ROOT_CLASS = YES_ERROR;
				CLANG_WARN_QUOTED_INCLUDE_IN_FRAMEWORK_HEADER = YES;
				CLANG_WARN_RANGE_LOOP_ANALYSIS = YES;
				CLANG_WARN_STRICT_PROTOTYPES = YES;
				CLANG_WARN_SUSPICIOUS_MOVE = YES;
				CLANG_WARN_UNGUARDED_AVAILABILITY = YES_AGGRESSIVE;
				CLANG_WARN_UNREACHABLE_CODE = YES;
				CLANG_WARN__DUPLICATE_METHOD_MATCH = YES;
				COPY_PHASE_STRIP = NO;
				CURRENT_PROJECT_VERSION = 1;
				DEBUG_INFORMATION_FORMAT = dwarf;
				ENABLE_STRICT_OBJC_MSGSEND = YES;
				ENABLE_TESTABILITY = YES;
				GCC_C_LANGUAGE_STANDARD = gnu11;
				GCC_DYNAMIC_NO_PIC = NO;
				GCC_NO_COMMON_BLOCKS = YES;
				GCC_OPTIMIZATION_LEVEL = 0;
				GCC_PREPROCESSOR_DEFINITIONS = (
					"DEBUG=1",
					"$(inherited)",
				);
				GCC_WARN_64_TO_32_BIT_CONVERSION = YES;
				GCC_WARN_ABOUT_RETURN_TYPE = YES_ERROR;
				GCC_WARN_UNDECLARED_SELECTOR = YES;
				GCC_WARN_UNINITIALIZED_AUTOS = YES_AGGRESSIVE;
				GCC_WARN_UNUSED_FUNCTION = YES;
				GCC_WARN_UNUSED_VARIABLE = YES;
				MTL_ENABLE_DEBUG_INFO = INCLUDE_SOURCE;
				MTL_FAST_MATH = YES;
				ONLY_ACTIVE_ARCH = YES;
				SWIFT_ACTIVE_COMPILATION_CONDITIONS = DEBUG;
				SWIFT_OPTIMIZATION_LEVEL = "-Onone";
				VERSIONING_SYSTEM = "apple-generic";
				VERSION_INFO_PREFIX = "";
			};
			name = Debug;
		};
		E50ED257293CC14500679B9D /* Release */ = {
			isa = XCBuildConfiguration;
			buildSettings = {
				ALWAYS_SEARCH_USER_PATHS = NO;
				CLANG_ANALYZER_NONNULL = YES;
				CLANG_ANALYZER_NUMBER_OBJECT_CONVERSION = YES_AGGRESSIVE;
				CLANG_CXX_LANGUAGE_STANDARD = "gnu++20";
				CLANG_ENABLE_MODULES = YES;
				CLANG_ENABLE_OBJC_ARC = YES;
				CLANG_ENABLE_OBJC_WEAK = YES;
				CLANG_WARN_BLOCK_CAPTURE_AUTORELEASING = YES;
				CLANG_WARN_BOOL_CONVERSION = YES;
				CLANG_WARN_COMMA = YES;
				CLANG_WARN_CONSTANT_CONVERSION = YES;
				CLANG_WARN_DEPRECATED_OBJC_IMPLEMENTATIONS = YES;
				CLANG_WARN_DIRECT_OBJC_ISA_USAGE = YES_ERROR;
				CLANG_WARN_DOCUMENTATION_COMMENTS = YES;
				CLANG_WARN_EMPTY_BODY = YES;
				CLANG_WARN_ENUM_CONVERSION = YES;
				CLANG_WARN_INFINITE_RECURSION = YES;
				CLANG_WARN_INT_CONVERSION = YES;
				CLANG_WARN_NON_LITERAL_NULL_CONVERSION = YES;
				CLANG_WARN_OBJC_IMPLICIT_RETAIN_SELF = YES;
				CLANG_WARN_OBJC_LITERAL_CONVERSION = YES;
				CLANG_WARN_OBJC_ROOT_CLASS = YES_ERROR;
				CLANG_WARN_QUOTED_INCLUDE_IN_FRAMEWORK_HEADER = YES;
				CLANG_WARN_RANGE_LOOP_ANALYSIS = YES;
				CLANG_WARN_STRICT_PROTOTYPES = YES;
				CLANG_WARN_SUSPICIOUS_MOVE = YES;
				CLANG_WARN_UNGUARDED_AVAILABILITY = YES_AGGRESSIVE;
				CLANG_WARN_UNREACHABLE_CODE = YES;
				CLANG_WARN__DUPLICATE_METHOD_MATCH = YES;
				COPY_PHASE_STRIP = NO;
				CURRENT_PROJECT_VERSION = 1;
				DEBUG_INFORMATION_FORMAT = "dwarf-with-dsym";
				ENABLE_NS_ASSERTIONS = NO;
				ENABLE_STRICT_OBJC_MSGSEND = YES;
				GCC_C_LANGUAGE_STANDARD = gnu11;
				GCC_NO_COMMON_BLOCKS = YES;
				GCC_WARN_64_TO_32_BIT_CONVERSION = YES;
				GCC_WARN_ABOUT_RETURN_TYPE = YES_ERROR;
				GCC_WARN_UNDECLARED_SELECTOR = YES;
				GCC_WARN_UNINITIALIZED_AUTOS = YES_AGGRESSIVE;
				GCC_WARN_UNUSED_FUNCTION = YES;
				GCC_WARN_UNUSED_VARIABLE = YES;
				MTL_ENABLE_DEBUG_INFO = NO;
				MTL_FAST_MATH = YES;
				SWIFT_COMPILATION_MODE = wholemodule;
				SWIFT_OPTIMIZATION_LEVEL = "-O";
				VERSIONING_SYSTEM = "apple-generic";
				VERSION_INFO_PREFIX = "";
			};
			name = Release;
		};
		E50ED259293CC14500679B9D /* Debug */ = {
			isa = XCBuildConfiguration;
			buildSettings = {
				CODE_SIGN_STYLE = Automatic;
				CURRENT_PROJECT_VERSION = 1;
				DEFINES_MODULE = YES;
				DEVELOPMENT_TEAM = "";
				DYLIB_COMPATIBILITY_VERSION = 1;
				DYLIB_CURRENT_VERSION = 1;
				DYLIB_INSTALL_NAME_BASE = "@rpath";
				GENERATE_INFOPLIST_FILE = YES;
				INFOPLIST_KEY_NSHumanReadableCopyright = "";
				INSTALL_PATH = "$(LOCAL_LIBRARY_DIR)/Frameworks";
				IPHONEOS_DEPLOYMENT_TARGET = 16.1;
				LD_RUNPATH_SEARCH_PATHS = (
					"@executable_path/Frameworks",
					"@loader_path/Frameworks",
				);
				"LD_RUNPATH_SEARCH_PATHS[sdk=macosx*]" = (
					"@executable_path/../Frameworks",
					"@loader_path/Frameworks",
				);
				MACOSX_DEPLOYMENT_TARGET = 13.0;
				MARKETING_VERSION = 1.0;
				PRODUCT_BUNDLE_IDENTIFIER = com.swiftman.LunarSunConverter;
				PRODUCT_NAME = "$(TARGET_NAME:c99extidentifier)";
				SDKROOT = auto;
				SKIP_INSTALL = YES;
				SUPPORTED_PLATFORMS = "iphoneos iphonesimulator macosx";
				SWIFT_EMIT_LOC_STRINGS = YES;
				SWIFT_VERSION = 5.0;
				TARGETED_DEVICE_FAMILY = "1,2";
			};
			name = Debug;
		};
		E50ED25A293CC14500679B9D /* Release */ = {
			isa = XCBuildConfiguration;
			buildSettings = {
				CODE_SIGN_STYLE = Automatic;
				CURRENT_PROJECT_VERSION = 1;
				DEFINES_MODULE = YES;
				DEVELOPMENT_TEAM = "";
				DYLIB_COMPATIBILITY_VERSION = 1;
				DYLIB_CURRENT_VERSION = 1;
				DYLIB_INSTALL_NAME_BASE = "@rpath";
				GENERATE_INFOPLIST_FILE = YES;
				INFOPLIST_KEY_NSHumanReadableCopyright = "";
				INSTALL_PATH = "$(LOCAL_LIBRARY_DIR)/Frameworks";
				IPHONEOS_DEPLOYMENT_TARGET = 16.1;
				LD_RUNPATH_SEARCH_PATHS = (
					"@executable_path/Frameworks",
					"@loader_path/Frameworks",
				);
				"LD_RUNPATH_SEARCH_PATHS[sdk=macosx*]" = (
					"@executable_path/../Frameworks",
					"@loader_path/Frameworks",
				);
				MACOSX_DEPLOYMENT_TARGET = 13.0;
				MARKETING_VERSION = 1.0;
				PRODUCT_BUNDLE_IDENTIFIER = com.swiftman.LunarSunConverter;
				PRODUCT_NAME = "$(TARGET_NAME:c99extidentifier)";
				SDKROOT = auto;
				SKIP_INSTALL = YES;
				SUPPORTED_PLATFORMS = "iphoneos iphonesimulator macosx";
				SWIFT_EMIT_LOC_STRINGS = YES;
				SWIFT_VERSION = 5.0;
				TARGETED_DEVICE_FAMILY = "1,2";
			};
			name = Release;
		};
		E50ED25C293CC14500679B9D /* Debug */ = {
			isa = XCBuildConfiguration;
			buildSettings = {
				CODE_SIGN_STYLE = Automatic;
				CURRENT_PROJECT_VERSION = 1;
				DEVELOPMENT_TEAM = Y7YQUS95SK;
				GENERATE_INFOPLIST_FILE = YES;
				IPHONEOS_DEPLOYMENT_TARGET = 16.1;
				MACOSX_DEPLOYMENT_TARGET = 13.0;
				MARKETING_VERSION = 1.0;
				PRODUCT_BUNDLE_IDENTIFIER = com.swiftman.LunarSunConverterTests;
				PRODUCT_NAME = "$(TARGET_NAME)";
				SDKROOT = auto;
				SUPPORTED_PLATFORMS = "iphoneos iphonesimulator macosx";
				SWIFT_EMIT_LOC_STRINGS = NO;
				SWIFT_VERSION = 5.0;
				TARGETED_DEVICE_FAMILY = "1,2";
			};
			name = Debug;
		};
		E50ED25D293CC14500679B9D /* Release */ = {
			isa = XCBuildConfiguration;
			buildSettings = {
				CODE_SIGN_STYLE = Automatic;
				CURRENT_PROJECT_VERSION = 1;
				DEVELOPMENT_TEAM = Y7YQUS95SK;
				GENERATE_INFOPLIST_FILE = YES;
				IPHONEOS_DEPLOYMENT_TARGET = 16.1;
				MACOSX_DEPLOYMENT_TARGET = 13.0;
				MARKETING_VERSION = 1.0;
				PRODUCT_BUNDLE_IDENTIFIER = com.swiftman.LunarSunConverterTests;
				PRODUCT_NAME = "$(TARGET_NAME)";
				SDKROOT = auto;
				SUPPORTED_PLATFORMS = "iphoneos iphonesimulator macosx";
				SWIFT_EMIT_LOC_STRINGS = NO;
				SWIFT_VERSION = 5.0;
				TARGETED_DEVICE_FAMILY = "1,2";
			};
			name = Release;
		};
/* End XCBuildConfiguration section */

/* Begin XCConfigurationList section */
		E50ED23E293CC14400679B9D /* Build configuration list for PBXProject "LunarSunConverter" */ = {
			isa = XCConfigurationList;
			buildConfigurations = (
				E50ED256293CC14500679B9D /* Debug */,
				E50ED257293CC14500679B9D /* Release */,
			);
			defaultConfigurationIsVisible = 0;
			defaultConfigurationName = Release;
		};
		E50ED258293CC14500679B9D /* Build configuration list for PBXNativeTarget "LunarSunConverter" */ = {
			isa = XCConfigurationList;
			buildConfigurations = (
				E50ED259293CC14500679B9D /* Debug */,
				E50ED25A293CC14500679B9D /* Release */,
			);
			defaultConfigurationIsVisible = 0;
			defaultConfigurationName = Release;
		};
		E50ED25B293CC14500679B9D /* Build configuration list for PBXNativeTarget "LunarSunConverterTests" */ = {
			isa = XCConfigurationList;
			buildConfigurations = (
				E50ED25C293CC14500679B9D /* Debug */,
				E50ED25D293CC14500679B9D /* Release */,
			);
			defaultConfigurationIsVisible = 0;
			defaultConfigurationName = Release;
		};
/* End XCConfigurationList section */
	};
	rootObject = E50ED23B293CC14400679B9D /* Project object */;
}
